
Microsoft Visual Studio Solution File, Format Version 12.00
# Visual Studio Version 17
VisualStudioVersion = 17.4.33213.308
MinimumVisualStudioVersion = 10.0.40219.1
Project("{FAE04EC0-301F-11D3-BF4B-00C04F79EFBC}") = "WindowDragSize", "WindowDragSize\WindowDragSize.csproj", "{FE450325-D271-452C-89CD-8A9DBE8CBB13}"
EndProject
Global
	GlobalSection(SolutionConfigurationPlatforms) = preSolution
		Debug|Any CPU = Debug|Any CPU
		Release|Any CPU = Release|Any CPU
	EndGlobalSection
	GlobalSection(ProjectConfigurationPlatforms) = postSolution
		{FE450325-D271-452C-89CD-8A9DBE8CBB13}.Debug|Any CPU.ActiveCfg = Debug|Any CPU
		{FE450325-D271-452C-89CD-8A9DBE8CBB13}.Debug|Any CPU.Build.0 = Debug|Any CPU
		{FE450325-D271-452C-89CD-8A9DBE8CBB13}.Release|Any CPU.ActiveCfg = Release|Any CPU
		{FE450325-D271-452C-89CD-8A9DBE8CBB13}.Release|Any CPU.Build.0 = Release|Any CPU
	EndGlobalSection
	GlobalSection(SolutionProperties) = preSolution
		HideSolutionNode = FALSE
	EndGlobalSection
	GlobalSection(ExtensibilityGlobals) = postSolution
		SolutionGuid = {FD110AAE-3FEB-41B3-B10A-A2E054E7FDCB}
	EndGlobalSection
EndGlobal
